
Microsoft Visual Studio Solution File, Format Version 11.00
# Visual Studio 2010
Project("{FAE04EC0-301F-11D3-BF4B-00C04F79EFBC}") = "Blog", "Blog\Blog.csproj", "{94817D04-A02C-4B97-8C37-2BCFCB8A7497}"
EndProject
Project("{FAE04EC0-301F-11D3-BF4B-00C04F79EFBC}") = "Blog.Tests", "Blog.Tests\Blog.Tests.csproj", "{135F8574-AECE-4CC2-8D40-6E3726B2FC38}"
EndProject
Global
	GlobalSection(SolutionConfigurationPlatforms) = preSolution
		Debug|Any CPU = Debug|Any CPU
		Release|Any CPU = Release|Any CPU
	EndGlobalSection
	GlobalSection(ProjectConfigurationPlatforms) = postSolution
		{94817D04-A02C-4B97-8C37-2BCFCB8A7497}.Debug|Any CPU.ActiveCfg = Debug|Any CPU
		{94817D04-A02C-4B97-8C37-2BCFCB8A7497}.Debug|Any CPU.Build.0 = Debug|Any CPU
		{94817D04-A02C-4B97-8C37-2BCFCB8A7497}.Release|Any CPU.ActiveCfg = Release|Any CPU
		{94817D04-A02C-4B97-8C37-2BCFCB8A7497}.Release|Any CPU.Build.0 = Release|Any CPU
		{135F8574-AECE-4CC2-8D40-6E3726B2FC38}.Debug|Any CPU.ActiveCfg = Debug|Any CPU
		{135F8574-AECE-4CC2-8D40-6E3726B2FC38}.Debug|Any CPU.Build.0 = Debug|Any CPU
		{135F8574-AECE-4CC2-8D40-6E3726B2FC38}.Release|Any CPU.ActiveCfg = Release|Any CPU
		{135F8574-AECE-4CC2-8D40-6E3726B2FC38}.Release|Any CPU.Build.0 = Release|Any CPU
	EndGlobalSection
	GlobalSection(SolutionProperties) = preSolution
		HideSolutionNode = FALSE
	EndGlobalSection
EndGlobal
